// !$*UTF8*$!
{
	archiveVersion = 1;
	classes = {
	};
	objectVersion = 46;
	objects = {

/* Begin PBXBuildFile section */
		313084FF1D02EBFD008D834A /* COBView.swift in Sources */ = {isa = PBXBuildFile; fileRef = 313084FE1D02EBFD008D834A /* COBView.swift */; };
		313085071D02FA56008D834A /* COBStartViewController.swift in Sources */ = {isa = PBXBuildFile; fileRef = 313085061D02FA56008D834A /* COBStartViewController.swift */; };
		3130850D1D03277F008D834A /* COBGridView.swift in Sources */ = {isa = PBXBuildFile; fileRef = 3130850C1D03277F008D834A /* COBGridView.swift */; };
		313085131D033FF0008D834A /* COBMapViewController.swift in Sources */ = {isa = PBXBuildFile; fileRef = 313085121D033FF0008D834A /* COBMapViewController.swift */; };
		313085151D034119008D834A /* COBBeaconView.swift in Sources */ = {isa = PBXBuildFile; fileRef = 313085141D034119008D834A /* COBBeaconView.swift */; };
		313085171D0346E8008D834A /* UIColor+HexString.swift in Sources */ = {isa = PBXBuildFile; fileRef = 313085161D0346E8008D834A /* UIColor+HexString.swift */; };
		313085191D036D0A008D834A /* CGRect+Center.swift in Sources */ = {isa = PBXBuildFile; fileRef = 313085181D036D0A008D834A /* CGRect+Center.swift */; };
		3139DE041D0380160075C041 /* LFTPulseAnimation.swift in Sources */ = {isa = PBXBuildFile; fileRef = 3139DE031D0380160075C041 /* LFTPulseAnimation.swift */; };
		3139DE0E1D0419C50075C041 /* UICountingLabel.m in Sources */ = {isa = PBXBuildFile; fileRef = 3139DE0C1D0419C50075C041 /* UICountingLabel.m */; };
		316098031D0041CA00D50ABB /* AppDelegate.swift in Sources */ = {isa = PBXBuildFile; fileRef = 316098021D0041CA00D50ABB /* AppDelegate.swift */; };
		316098081D0041CA00D50ABB /* Main.storyboard in Resources */ = {isa = PBXBuildFile; fileRef = 316098061D0041CA00D50ABB /* Main.storyboard */; };
		3160980A1D0041CA00D50ABB /* Assets.xcassets in Resources */ = {isa = PBXBuildFile; fileRef = 316098091D0041CA00D50ABB /* Assets.xcassets */; };
		3160980D1D0041CA00D50ABB /* LaunchScreen.storyboard in Resources */ = {isa = PBXBuildFile; fileRef = 3160980B1D0041CA00D50ABB /* LaunchScreen.storyboard */; };
		316098161D00428D00D50ABB /* EstimoteSDK.framework in Frameworks */ = {isa = PBXBuildFile; fileRef = 316098151D00428D00D50ABB /* EstimoteSDK.framework */; };
		316098191D00453600D50ABB /* COBGameViewController.swift in Sources */ = {isa = PBXBuildFile; fileRef = 316098181D00453600D50ABB /* COBGameViewController.swift */; };
		3160981D1D0050B700D50ABB /* COBConfiguration.swift in Sources */ = {isa = PBXBuildFile; fileRef = 3160981C1D0050B700D50ABB /* COBConfiguration.swift */; };
		3160981F1D00551500D50ABB /* SwiftyJSON.swift in Sources */ = {isa = PBXBuildFile; fileRef = 3160981E1D00551500D50ABB /* SwiftyJSON.swift */; };
		316098211D005C4100D50ABB /* COBBeacon.swift in Sources */ = {isa = PBXBuildFile; fileRef = 316098201D005C4100D50ABB /* COBBeacon.swift */; };
		316098231D005CF100D50ABB /* configuration.json in Resources */ = {isa = PBXBuildFile; fileRef = 316098221D005CF100D50ABB /* configuration.json */; };
		316098251D006D3600D50ABB /* CLProximity+CustomStringConvertible.swift in Sources */ = {isa = PBXBuildFile; fileRef = 316098241D006D3600D50ABB /* CLProximity+CustomStringConvertible.swift */; };
		3160983E1D00712400D50ABB /* Alamofire.framework in Frameworks */ = {isa = PBXBuildFile; fileRef = 316098311D00710000D50ABB /* Alamofire.framework */; };
		3160983F1D00712400D50ABB /* Alamofire.framework in Embed Frameworks */ = {isa = PBXBuildFile; fileRef = 316098311D00710000D50ABB /* Alamofire.framework */; settings = {ATTRIBUTES = (CodeSignOnCopy, RemoveHeadersOnCopy, ); }; };
		316098441D00716F00D50ABB /* COBPositionNotifier.swift in Sources */ = {isa = PBXBuildFile; fileRef = 316098431D00716F00D50ABB /* COBPositionNotifier.swift */; };
		316098471D00AC5500D50ABB /* COBBeaconBehavior.swift in Sources */ = {isa = PBXBuildFile; fileRef = 316098461D00AC5500D50ABB /* COBBeaconBehavior.swift */; };
		316098511D00ACFD00D50ABB /* COBHealthPointBehavior.swift in Sources */ = {isa = PBXBuildFile; fileRef = 316098501D00ACFD00D50ABB /* COBHealthPointBehavior.swift */; };
		316098531D00AD4E00D50ABB /* COBGamerState.swift in Sources */ = {isa = PBXBuildFile; fileRef = 316098521D00AD4E00D50ABB /* COBGamerState.swift */; };
		316098551D00AF5600D50ABB /* COBFlagBehavior.swift in Sources */ = {isa = PBXBuildFile; fileRef = 316098541D00AF5600D50ABB /* COBFlagBehavior.swift */; };
/* End PBXBuildFile section */

/* Begin PBXContainerItemProxy section */
		316098301D00710000D50ABB /* PBXContainerItemProxy */ = {
			isa = PBXContainerItemProxy;
			containerPortal = 316098261D00710000D50ABB /* Alamofire.xcodeproj */;
			proxyType = 2;
			remoteGlobalIDString = F8111E3319A95C8B0040E7D1;
			remoteInfo = "Alamofire iOS";
		};
		316098321D00710000D50ABB /* PBXContainerItemProxy */ = {
			isa = PBXContainerItemProxy;
			containerPortal = 316098261D00710000D50ABB /* Alamofire.xcodeproj */;
			proxyType = 2;
			remoteGlobalIDString = F8111E3E19A95C8B0040E7D1;
			remoteInfo = "Alamofire iOS Tests";
		};
		316098341D00710000D50ABB /* PBXContainerItemProxy */ = {
			isa = PBXContainerItemProxy;
			containerPortal = 316098261D00710000D50ABB /* Alamofire.xcodeproj */;
			proxyType = 2;
			remoteGlobalIDString = 4DD67C0B1A5C55C900ED2280;
			remoteInfo = "Alamofire OSX";
		};
		316098361D00710000D50ABB /* PBXContainerItemProxy */ = {
			isa = PBXContainerItemProxy;
			containerPortal = 316098261D00710000D50ABB /* Alamofire.xcodeproj */;
			proxyType = 2;
			remoteGlobalIDString = F829C6B21A7A94F100A2CD59;
			remoteInfo = "Alamofire OSX Tests";
		};
		316098381D00710000D50ABB /* PBXContainerItemProxy */ = {
			isa = PBXContainerItemProxy;
			containerPortal = 316098261D00710000D50ABB /* Alamofire.xcodeproj */;
			proxyType = 2;
			remoteGlobalIDString = 4CF626EF1BA7CB3E0011A099;
			remoteInfo = "Alamofire tvOS";
		};
		3160983A1D00710000D50ABB /* PBXContainerItemProxy */ = {
			isa = PBXContainerItemProxy;
			containerPortal = 316098261D00710000D50ABB /* Alamofire.xcodeproj */;
			proxyType = 2;
			remoteGlobalIDString = 4CF626F81BA7CB3E0011A099;
			remoteInfo = "Alamofire tvOS Tests";
		};
		3160983C1D00710000D50ABB /* PBXContainerItemProxy */ = {
			isa = PBXContainerItemProxy;
			containerPortal = 316098261D00710000D50ABB /* Alamofire.xcodeproj */;
			proxyType = 2;
			remoteGlobalIDString = E4202FE01B667AA100C997FB;
			remoteInfo = "Alamofire watchOS";
		};
		316098401D00712400D50ABB /* PBXContainerItemProxy */ = {
			isa = PBXContainerItemProxy;
			containerPortal = 316098261D00710000D50ABB /* Alamofire.xcodeproj */;
			proxyType = 1;
			remoteGlobalIDString = F8111E3219A95C8B0040E7D1;
			remoteInfo = "Alamofire iOS";
		};
/* End PBXContainerItemProxy section */

/* Begin PBXCopyFilesBuildPhase section */
		316098421D00712400D50ABB /* Embed Frameworks */ = {
			isa = PBXCopyFilesBuildPhase;
			buildActionMask = 2147483647;
			dstPath = "";
			dstSubfolderSpec = 10;
			files = (
				3160983F1D00712400D50ABB /* Alamofire.framework in Embed Frameworks */,
			);
			name = "Embed Frameworks";
			runOnlyForDeploymentPostprocessing = 0;
		};
/* End PBXCopyFilesBuildPhase section */

/* Begin PBXFileReference section */
		313084FE1D02EBFD008D834A /* COBView.swift */ = {isa = PBXFileReference; fileEncoding = 4; lastKnownFileType = sourcecode.swift; path = COBView.swift; sourceTree = "<group>"; };
		313085061D02FA56008D834A /* COBStartViewController.swift */ = {isa = PBXFileReference; fileEncoding = 4; lastKnownFileType = sourcecode.swift; path = COBStartViewController.swift; sourceTree = "<group>"; };
		3130850C1D03277F008D834A /* COBGridView.swift */ = {isa = PBXFileReference; fileEncoding = 4; lastKnownFileType = sourcecode.swift; path = COBGridView.swift; sourceTree = "<group>"; };
		313085121D033FF0008D834A /* COBMapViewController.swift */ = {isa = PBXFileReference; fileEncoding = 4; lastKnownFileType = sourcecode.swift; path = COBMapViewController.swift; sourceTree = "<group>"; };
		313085141D034119008D834A /* COBBeaconView.swift */ = {isa = PBXFileReference; fileEncoding = 4; lastKnownFileType = sourcecode.swift; path = COBBeaconView.swift; sourceTree = "<group>"; };
		313085161D0346E8008D834A /* UIColor+HexString.swift */ = {isa = PBXFileReference; fileEncoding = 4; lastKnownFileType = sourcecode.swift; path = "UIColor+HexString.swift"; sourceTree = "<group>"; };
		313085181D036D0A008D834A /* CGRect+Center.swift */ = {isa = PBXFileReference; fileEncoding = 4; lastKnownFileType = sourcecode.swift; path = "CGRect+Center.swift"; sourceTree = "<group>"; };
		3139DE031D0380160075C041 /* LFTPulseAnimation.swift */ = {isa = PBXFileReference; fileEncoding = 4; lastKnownFileType = sourcecode.swift; path = LFTPulseAnimation.swift; sourceTree = "<group>"; };
		3139DE0C1D0419C50075C041 /* UICountingLabel.m */ = {isa = PBXFileReference; fileEncoding = 4; lastKnownFileType = sourcecode.c.objc; path = UICountingLabel.m; sourceTree = "<group>"; };
		3139DE0D1D0419C50075C041 /* UICountingLabel.h */ = {isa = PBXFileReference; fileEncoding = 4; lastKnownFileType = sourcecode.c.h; path = UICountingLabel.h; sourceTree = "<group>"; };
		316097FF1D0041CA00D50ABB /* CallOfBeacons.app */ = {isa = PBXFileReference; explicitFileType = wrapper.application; includeInIndex = 0; path = CallOfBeacons.app; sourceTree = BUILT_PRODUCTS_DIR; };
		316098021D0041CA00D50ABB /* AppDelegate.swift */ = {isa = PBXFileReference; lastKnownFileType = sourcecode.swift; path = AppDelegate.swift; sourceTree = "<group>"; };
		316098071D0041CA00D50ABB /* Base */ = {isa = PBXFileReference; lastKnownFileType = file.storyboard; name = Base; path = Base.lproj/Main.storyboard; sourceTree = "<group>"; };
		316098091D0041CA00D50ABB /* Assets.xcassets */ = {isa = PBXFileReference; lastKnownFileType = folder.assetcatalog; path = Assets.xcassets; sourceTree = "<group>"; };
		3160980C1D0041CA00D50ABB /* Base */ = {isa = PBXFileReference; lastKnownFileType = file.storyboard; name = Base; path = Base.lproj/LaunchScreen.storyboard; sourceTree = "<group>"; };
		3160980E1D0041CA00D50ABB /* Info.plist */ = {isa = PBXFileReference; lastKnownFileType = text.plist.xml; path = Info.plist; sourceTree = "<group>"; };
		316098151D00428D00D50ABB /* EstimoteSDK.framework */ = {isa = PBXFileReference; lastKnownFileType = wrapper.framework; path = EstimoteSDK.framework; sourceTree = "<group>"; };
		316098171D0042ED00D50ABB /* ObjCBridge.h */ = {isa = PBXFileReference; lastKnownFileType = sourcecode.c.h; name = ObjCBridge.h; path = CallOfBeacons/ObjCBridge.h; sourceTree = "<group>"; };
		316098181D00453600D50ABB /* COBGameViewController.swift */ = {isa = PBXFileReference; fileEncoding = 4; lastKnownFileType = sourcecode.swift; path = COBGameViewController.swift; sourceTree = "<group>"; };
		3160981C1D0050B700D50ABB /* COBConfiguration.swift */ = {isa = PBXFileReference; fileEncoding = 4; lastKnownFileType = sourcecode.swift; path = COBConfiguration.swift; sourceTree = "<group>"; };
		3160981E1D00551500D50ABB /* SwiftyJSON.swift */ = {isa = PBXFileReference; fileEncoding = 4; lastKnownFileType = sourcecode.swift; name = SwiftyJSON.swift; path = CallOfBeacons/SwiftyJSON.swift; sourceTree = "<group>"; };
		316098201D005C4100D50ABB /* COBBeacon.swift */ = {isa = PBXFileReference; fileEncoding = 4; lastKnownFileType = sourcecode.swift; path = COBBeacon.swift; sourceTree = "<group>"; };
		316098221D005CF100D50ABB /* configuration.json */ = {isa = PBXFileReference; fileEncoding = 4; lastKnownFileType = text.json; name = configuration.json; path = ../../configuration.json; sourceTree = "<group>"; };
		316098241D006D3600D50ABB /* CLProximity+CustomStringConvertible.swift */ = {isa = PBXFileReference; fileEncoding = 4; lastKnownFileType = sourcecode.swift; path = "CLProximity+CustomStringConvertible.swift"; sourceTree = "<group>"; };
		316098261D00710000D50ABB /* Alamofire.xcodeproj */ = {isa = PBXFileReference; lastKnownFileType = "wrapper.pb-project"; name = Alamofire.xcodeproj; path = ../Alamofire/Alamofire.xcodeproj; sourceTree = "<group>"; };
		316098431D00716F00D50ABB /* COBPositionNotifier.swift */ = {isa = PBXFileReference; fileEncoding = 4; lastKnownFileType = sourcecode.swift; path = COBPositionNotifier.swift; sourceTree = "<group>"; };
		316098461D00AC5500D50ABB /* COBBeaconBehavior.swift */ = {isa = PBXFileReference; fileEncoding = 4; lastKnownFileType = sourcecode.swift; path = COBBeaconBehavior.swift; sourceTree = "<group>"; };
		316098501D00ACFD00D50ABB /* COBHealthPointBehavior.swift */ = {isa = PBXFileReference; fileEncoding = 4; lastKnownFileType = sourcecode.swift; path = COBHealthPointBehavior.swift; sourceTree = "<group>"; };
		316098521D00AD4E00D50ABB /* COBGamerState.swift */ = {isa = PBXFileReference; fileEncoding = 4; lastKnownFileType = sourcecode.swift; path = COBGamerState.swift; sourceTree = "<group>"; };
		316098541D00AF5600D50ABB /* COBFlagBehavior.swift */ = {isa = PBXFileReference; fileEncoding = 4; lastKnownFileType = sourcecode.swift; path = COBFlagBehavior.swift; sourceTree = "<group>"; };
/* End PBXFileReference section */

/* Begin PBXFrameworksBuildPhase section */
		316097FC1D0041CA00D50ABB /* Frameworks */ = {
			isa = PBXFrameworksBuildPhase;
			buildActionMask = 2147483647;
			files = (
				316098161D00428D00D50ABB /* EstimoteSDK.framework in Frameworks */,
				3160983E1D00712400D50ABB /* Alamofire.framework in Frameworks */,
			);
			runOnlyForDeploymentPostprocessing = 0;
		};
/* End PBXFrameworksBuildPhase section */

/* Begin PBXGroup section */
		313085081D030C54008D834A /* Helpers */ = {
			isa = PBXGroup;
			children = (
				316098431D00716F00D50ABB /* COBPositionNotifier.swift */,
				313085181D036D0A008D834A /* CGRect+Center.swift */,
				313085161D0346E8008D834A /* UIColor+HexString.swift */,
				3160981C1D0050B700D50ABB /* COBConfiguration.swift */,
				316098241D006D3600D50ABB /* CLProximity+CustomStringConvertible.swift */,
			);
			name = Helpers;
			sourceTree = "<group>";
		};
		313085091D030C5A008D834A /* Model */ = {
			isa = PBXGroup;
			children = (
				3160984E1D00ACDF00D50ABB /* COBBeaconBehaviors */,
				316098201D005C4100D50ABB /* COBBeacon.swift */,
				316098521D00AD4E00D50ABB /* COBGamerState.swift */,
			);
			name = Model;
			sourceTree = "<group>";
		};
		3130850A1D030C60008D834A /* View Controllers */ = {
			isa = PBXGroup;
			children = (
				313085061D02FA56008D834A /* COBStartViewController.swift */,
				316098181D00453600D50ABB /* COBGameViewController.swift */,
				313085121D033FF0008D834A /* COBMapViewController.swift */,
			);
			name = "View Controllers";
			sourceTree = "<group>";
		};
		3130850B1D030C66008D834A /* Views */ = {
			isa = PBXGroup;
			children = (
				3139DE0C1D0419C50075C041 /* UICountingLabel.m */,
				3139DE0D1D0419C50075C041 /* UICountingLabel.h */,
				3130850C1D03277F008D834A /* COBGridView.swift */,
				313084FE1D02EBFD008D834A /* COBView.swift */,
				313085141D034119008D834A /* COBBeaconView.swift */,
			);
			name = Views;
			sourceTree = "<group>";
		};
		316097F61D0041CA00D50ABB = {
			isa = PBXGroup;
			children = (
				316098221D005CF100D50ABB /* configuration.json */,
				316098171D0042ED00D50ABB /* ObjCBridge.h */,
				316098011D0041CA00D50ABB /* CallOfBeacons */,
				316098141D00426D00D50ABB /* Frameworks */,
				316098001D0041CA00D50ABB /* Products */,
			);
			sourceTree = "<group>";
		};
		316098001D0041CA00D50ABB /* Products */ = {
			isa = PBXGroup;
			children = (
				316097FF1D0041CA00D50ABB /* CallOfBeacons.app */,
			);
			name = Products;
			sourceTree = "<group>";
		};
		316098011D0041CA00D50ABB /* CallOfBeacons */ = {
			isa = PBXGroup;
			children = (
				316098021D0041CA00D50ABB /* AppDelegate.swift */,
				316098091D0041CA00D50ABB /* Assets.xcassets */,
				3160980E1D0041CA00D50ABB /* Info.plist */,
				3160980B1D0041CA00D50ABB /* LaunchScreen.storyboard */,
				316098061D0041CA00D50ABB /* Main.storyboard */,
				313085091D030C5A008D834A /* Model */,
				313085081D030C54008D834A /* Helpers */,
				3130850A1D030C60008D834A /* View Controllers */,
				3130850B1D030C66008D834A /* Views */,
			);
			path = CallOfBeacons;
			sourceTree = "<group>";
		};
		316098141D00426D00D50ABB /* Frameworks */ = {
			isa = PBXGroup;
			children = (
				3139DE031D0380160075C041 /* LFTPulseAnimation.swift */,
				3160981E1D00551500D50ABB /* SwiftyJSON.swift */,
				316098261D00710000D50ABB /* Alamofire.xcodeproj */,
				316098151D00428D00D50ABB /* EstimoteSDK.framework */,
			);
			name = Frameworks;
			sourceTree = "<group>";
		};
		316098271D00710000D50ABB /* Products */ = {
			isa = PBXGroup;
			children = (
				316098311D00710000D50ABB /* Alamofire.framework */,
				316098331D00710000D50ABB /* Alamofire iOS Tests.xctest */,
				316098351D00710000D50ABB /* Alamofire.framework */,
				316098371D00710000D50ABB /* Alamofire OSX Tests.xctest */,
				316098391D00710000D50ABB /* Alamofire.framework */,
				3160983B1D00710000D50ABB /* Alamofire tvOS Tests.xctest */,
				3160983D1D00710000D50ABB /* Alamofire.framework */,
			);
			name = Products;
			sourceTree = "<group>";
		};
		3160984E1D00ACDF00D50ABB /* COBBeaconBehaviors */ = {
			isa = PBXGroup;
			children = (
				316098461D00AC5500D50ABB /* COBBeaconBehavior.swift */,
				316098501D00ACFD00D50ABB /* COBHealthPointBehavior.swift */,
				316098541D00AF5600D50ABB /* COBFlagBehavior.swift */,
			);
			name = COBBeaconBehaviors;
			sourceTree = "<group>";
		};
/* End PBXGroup section */

/* Begin PBXNativeTarget section */
		316097FE1D0041CA00D50ABB /* CallOfBeacons */ = {
			isa = PBXNativeTarget;
			buildConfigurationList = 316098111D0041CA00D50ABB /* Build configuration list for PBXNativeTarget "CallOfBeacons" */;
			buildPhases = (
				316097FB1D0041CA00D50ABB /* Sources */,
				316097FC1D0041CA00D50ABB /* Frameworks */,
				316097FD1D0041CA00D50ABB /* Resources */,
				316098421D00712400D50ABB /* Embed Frameworks */,
			);
			buildRules = (
			);
			dependencies = (
				316098411D00712400D50ABB /* PBXTargetDependency */,
			);
			name = CallOfBeacons;
			productName = CallOfBeacons;
			productReference = 316097FF1D0041CA00D50ABB /* CallOfBeacons.app */;
			productType = "com.apple.product-type.application";
		};
/* End PBXNativeTarget section */

/* Begin PBXProject section */
		316097F71D0041CA00D50ABB /* Project object */ = {
			isa = PBXProject;
			attributes = {
				CLASSPREFIX = COB;
				LastSwiftUpdateCheck = 0730;
				LastUpgradeCheck = 0730;
				ORGANIZATIONNAME = "Stanisław Chmiela, Rafał Żelazko";
				TargetAttributes = {
					316097FE1D0041CA00D50ABB = {
						CreatedOnToolsVersion = 7.3.1;
					};
				};
			};
			buildConfigurationList = 316097FA1D0041CA00D50ABB /* Build configuration list for PBXProject "CallOfBeacons" */;
			compatibilityVersion = "Xcode 3.2";
			developmentRegion = English;
			hasScannedForEncodings = 0;
			knownRegions = (
				en,
				Base,
			);
			mainGroup = 316097F61D0041CA00D50ABB;
			productRefGroup = 316098001D0041CA00D50ABB /* Products */;
			projectDirPath = "";
			projectReferences = (
				{
					ProductGroup = 316098271D00710000D50ABB /* Products */;
					ProjectRef = 316098261D00710000D50ABB /* Alamofire.xcodeproj */;
				},
			);
			projectRoot = "";
			targets = (
				316097FE1D0041CA00D50ABB /* CallOfBeacons */,
			);
		};
/* End PBXProject section */

/* Begin PBXReferenceProxy section */
		316098311D00710000D50ABB /* Alamofire.framework */ = {
			isa = PBXReferenceProxy;
			fileType = wrapper.framework;
			path = Alamofire.framework;
			remoteRef = 316098301D00710000D50ABB /* PBXContainerItemProxy */;
			sourceTree = BUILT_PRODUCTS_DIR;
		};
		316098331D00710000D50ABB /* Alamofire iOS Tests.xctest */ = {
			isa = PBXReferenceProxy;
			fileType = wrapper.cfbundle;
			path = "Alamofire iOS Tests.xctest";
			remoteRef = 316098321D00710000D50ABB /* PBXContainerItemProxy */;
			sourceTree = BUILT_PRODUCTS_DIR;
		};
		316098351D00710000D50ABB /* Alamofire.framework */ = {
			isa = PBXReferenceProxy;
			fileType = wrapper.framework;
			path = Alamofire.framework;
			remoteRef = 316098341D00710000D50ABB /* PBXContainerItemProxy */;
			sourceTree = BUILT_PRODUCTS_DIR;
		};
		316098371D00710000D50ABB /* Alamofire OSX Tests.xctest */ = {
			isa = PBXReferenceProxy;
			fileType = wrapper.cfbundle;
			path = "Alamofire OSX Tests.xctest";
			remoteRef = 316098361D00710000D50ABB /* PBXContainerItemProxy */;
			sourceTree = BUILT_PRODUCTS_DIR;
		};
		316098391D00710000D50ABB /* Alamofire.framework */ = {
			isa = PBXReferenceProxy;
			fileType = wrapper.framework;
			path = Alamofire.framework;
			remoteRef = 316098381D00710000D50ABB /* PBXContainerItemProxy */;
			sourceTree = BUILT_PRODUCTS_DIR;
		};
		3160983B1D00710000D50ABB /* Alamofire tvOS Tests.xctest */ = {
			isa = PBXReferenceProxy;
			fileType = wrapper.cfbundle;
			path = "Alamofire tvOS Tests.xctest";
			remoteRef = 3160983A1D00710000D50ABB /* PBXContainerItemProxy */;
			sourceTree = BUILT_PRODUCTS_DIR;
		};
		3160983D1D00710000D50ABB /* Alamofire.framework */ = {
			isa = PBXReferenceProxy;
			fileType = wrapper.framework;
			path = Alamofire.framework;
			remoteRef = 3160983C1D00710000D50ABB /* PBXContainerItemProxy */;
			sourceTree = BUILT_PRODUCTS_DIR;
		};
/* End PBXReferenceProxy section */

/* Begin PBXResourcesBuildPhase section */
		316097FD1D0041CA00D50ABB /* Resources */ = {
			isa = PBXResourcesBuildPhase;
			buildActionMask = 2147483647;
			files = (
				3160980D1D0041CA00D50ABB /* LaunchScreen.storyboard in Resources */,
				3160980A1D0041CA00D50ABB /* Assets.xcassets in Resources */,
				316098081D0041CA00D50ABB /* Main.storyboard in Resources */,
				316098231D005CF100D50ABB /* configuration.json in Resources */,
			);
			runOnlyForDeploymentPostprocessing = 0;
		};
/* End PBXResourcesBuildPhase section */

/* Begin PBXSourcesBuildPhase section */
		316097FB1D0041CA00D50ABB /* Sources */ = {
			isa = PBXSourcesBuildPhase;
			buildActionMask = 2147483647;
			files = (
				313085191D036D0A008D834A /* CGRect+Center.swift in Sources */,
				313085071D02FA56008D834A /* COBStartViewController.swift in Sources */,
				316098551D00AF5600D50ABB /* COBFlagBehavior.swift in Sources */,
				316098191D00453600D50ABB /* COBGameViewController.swift in Sources */,
				316098031D0041CA00D50ABB /* AppDelegate.swift in Sources */,
				313084FF1D02EBFD008D834A /* COBView.swift in Sources */,
				313085151D034119008D834A /* COBBeaconView.swift in Sources */,
				3139DE041D0380160075C041 /* LFTPulseAnimation.swift in Sources */,
				316098441D00716F00D50ABB /* COBPositionNotifier.swift in Sources */,
				316098211D005C4100D50ABB /* COBBeacon.swift in Sources */,
				3160981D1D0050B700D50ABB /* COBConfiguration.swift in Sources */,
				316098531D00AD4E00D50ABB /* COBGamerState.swift in Sources */,
				316098251D006D3600D50ABB /* CLProximity+CustomStringConvertible.swift in Sources */,
				313085171D0346E8008D834A /* UIColor+HexString.swift in Sources */,
				316098471D00AC5500D50ABB /* COBBeaconBehavior.swift in Sources */,
				316098511D00ACFD00D50ABB /* COBHealthPointBehavior.swift in Sources */,
				3160981F1D00551500D50ABB /* SwiftyJSON.swift in Sources */,
				3139DE0E1D0419C50075C041 /* UICountingLabel.m in Sources */,
				313085131D033FF0008D834A /* COBMapViewController.swift in Sources */,
				3130850D1D03277F008D834A /* COBGridView.swift in Sources */,
			);
			runOnlyForDeploymentPostprocessing = 0;
		};
/* End PBXSourcesBuildPhase section */

/* Begin PBXTargetDependency section */
		316098411D00712400D50ABB /* PBXTargetDependency */ = {
			isa = PBXTargetDependency;
			name = "Alamofire iOS";
			targetProxy = 316098401D00712400D50ABB /* PBXContainerItemProxy */;
		};
/* End PBXTargetDependency section */

/* Begin PBXVariantGroup section */
		316098061D0041CA00D50ABB /* Main.storyboard */ = {
			isa = PBXVariantGroup;
			children = (
				316098071D0041CA00D50ABB /* Base */,
			);
			name = Main.storyboard;
			sourceTree = "<group>";
		};
		3160980B1D0041CA00D50ABB /* LaunchScreen.storyboard */ = {
			isa = PBXVariantGroup;
			children = (
				3160980C1D0041CA00D50ABB /* Base */,
			);
			name = LaunchScreen.storyboard;
			sourceTree = "<group>";
		};
/* End PBXVariantGroup section */

/* Begin XCBuildConfiguration section */
		3160980F1D0041CA00D50ABB /* Debug */ = {
			isa = XCBuildConfiguration;
			buildSettings = {
				ALWAYS_SEARCH_USER_PATHS = NO;
				CLANG_ANALYZER_NONNULL = YES;
				CLANG_CXX_LANGUAGE_STANDARD = "gnu++0x";
				CLANG_CXX_LIBRARY = "libc++";
				CLANG_ENABLE_MODULES = YES;
				CLANG_ENABLE_OBJC_ARC = YES;
				CLANG_WARN_BOOL_CONVERSION = YES;
				CLANG_WARN_CONSTANT_CONVERSION = YES;
				CLANG_WARN_DIRECT_OBJC_ISA_USAGE = YES_ERROR;
				CLANG_WARN_EMPTY_BODY = YES;
				CLANG_WARN_ENUM_CONVERSION = YES;
				CLANG_WARN_INT_CONVERSION = YES;
				CLANG_WARN_OBJC_ROOT_CLASS = YES_ERROR;
				CLANG_WARN_UNREACHABLE_CODE = YES;
				CLANG_WARN__DUPLICATE_METHOD_MATCH = YES;
				"CODE_SIGN_IDENTITY[sdk=iphoneos*]" = "iPhone Developer";
				COPY_PHASE_STRIP = NO;
				DEBUG_INFORMATION_FORMAT = dwarf;
				ENABLE_STRICT_OBJC_MSGSEND = YES;
				ENABLE_TESTABILITY = YES;
				GCC_C_LANGUAGE_STANDARD = gnu99;
				GCC_DYNAMIC_NO_PIC = NO;
				GCC_NO_COMMON_BLOCKS = YES;
				GCC_OPTIMIZATION_LEVEL = 0;
				GCC_PREPROCESSOR_DEFINITIONS = (
					"DEBUG=1",
					"$(inherited)",
				);
				GCC_WARN_64_TO_32_BIT_CONVERSION = YES;
				GCC_WARN_ABOUT_RETURN_TYPE = YES_ERROR;
				GCC_WARN_UNDECLARED_SELECTOR = YES;
				GCC_WARN_UNINITIALIZED_AUTOS = YES_AGGRESSIVE;
				GCC_WARN_UNUSED_FUNCTION = YES;
				GCC_WARN_UNUSED_VARIABLE = YES;
				IPHONEOS_DEPLOYMENT_TARGET = 9.3;
				MTL_ENABLE_DEBUG_INFO = YES;
				ONLY_ACTIVE_ARCH = YES;
				SDKROOT = iphoneos;
				SWIFT_OPTIMIZATION_LEVEL = "-Onone";
			};
			name = Debug;
		};
		316098101D0041CA00D50ABB /* Release */ = {
			isa = XCBuildConfiguration;
			buildSettings = {
				ALWAYS_SEARCH_USER_PATHS = NO;
				CLANG_ANALYZER_NONNULL = YES;
				CLANG_CXX_LANGUAGE_STANDARD = "gnu++0x";
				CLANG_CXX_LIBRARY = "libc++";
				CLANG_ENABLE_MODULES = YES;
				CLANG_ENABLE_OBJC_ARC = YES;
				CLANG_WARN_BOOL_CONVERSION = YES;
				CLANG_WARN_CONSTANT_CONVERSION = YES;
				CLANG_WARN_DIRECT_OBJC_ISA_USAGE = YES_ERROR;
				CLANG_WARN_EMPTY_BODY = YES;
				CLANG_WARN_ENUM_CONVERSION = YES;
				CLANG_WARN_INT_CONVERSION = YES;
				CLANG_WARN_OBJC_ROOT_CLASS = YES_ERROR;
				CLANG_WARN_UNREACHABLE_CODE = YES;
				CLANG_WARN__DUPLICATE_METHOD_MATCH = YES;
				"CODE_SIGN_IDENTITY[sdk=iphoneos*]" = "iPhone Developer";
				COPY_PHASE_STRIP = NO;
				DEBUG_INFORMATION_FORMAT = "dwarf-with-dsym";
				ENABLE_NS_ASSERTIONS = NO;
				ENABLE_STRICT_OBJC_MSGSEND = YES;
				GCC_C_LANGUAGE_STANDARD = gnu99;
				GCC_NO_COMMON_BLOCKS = YES;
				GCC_WARN_64_TO_32_BIT_CONVERSION = YES;
				GCC_WARN_ABOUT_RETURN_TYPE = YES_ERROR;
				GCC_WARN_UNDECLARED_SELECTOR = YES;
				GCC_WARN_UNINITIALIZED_AUTOS = YES_AGGRESSIVE;
				GCC_WARN_UNUSED_FUNCTION = YES;
				GCC_WARN_UNUSED_VARIABLE = YES;
				IPHONEOS_DEPLOYMENT_TARGET = 9.3;
				MTL_ENABLE_DEBUG_INFO = NO;
				SDKROOT = iphoneos;
				VALIDATE_PRODUCT = YES;
			};
			name = Release;
		};
		316098121D0041CA00D50ABB /* Debug */ = {
			isa = XCBuildConfiguration;
			buildSettings = {
				ASSETCATALOG_COMPILER_APPICON_NAME = AppIcon;
				EMBEDDED_CONTENT_CONTAINS_SWIFT = YES;
				FRAMEWORK_SEARCH_PATHS = (
					"$(inherited)",
					"$(PROJECT_DIR)",
				);
				INFOPLIST_FILE = CallOfBeacons/Info.plist;
				LD_RUNPATH_SEARCH_PATHS = "$(inherited) @executable_path/Frameworks";
				PRODUCT_BUNDLE_IDENTIFIER = pl.edu.agh.iot.CallOfBeacons;
				PRODUCT_NAME = "$(TARGET_NAME)";
				SWIFT_OBJC_BRIDGING_HEADER = "${PROJECT_NAME}/ObjCBridge.h";
			};
			name = Debug;
		};
		316098131D0041CA00D50ABB /* Release */ = {
			isa = XCBuildConfiguration;
			buildSettings = {
				ASSETCATALOG_COMPILER_APPICON_NAME = AppIcon;
				EMBEDDED_CONTENT_CONTAINS_SWIFT = YES;
				FRAMEWORK_SEARCH_PATHS = (
					"$(inherited)",
					"$(PROJECT_DIR)",
				);
				INFOPLIST_FILE = CallOfBeacons/Info.plist;
				LD_RUNPATH_SEARCH_PATHS = "$(inherited) @executable_path/Frameworks";
				PRODUCT_BUNDLE_IDENTIFIER = pl.edu.agh.iot.CallOfBeacons;
				PRODUCT_NAME = "$(TARGET_NAME)";
				SWIFT_OBJC_BRIDGING_HEADER = "${PROJECT_NAME}/ObjCBridge.h";
			};
			name = Release;
		};
/* End XCBuildConfiguration section */

/* Begin XCConfigurationList section */
		316097FA1D0041CA00D50ABB /* Build configuration list for PBXProject "CallOfBeacons" */ = {
			isa = XCConfigurationList;
			buildConfigurations = (
				3160980F1D0041CA00D50ABB /* Debug */,
				316098101D0041CA00D50ABB /* Release */,
			);
			defaultConfigurationIsVisible = 0;
			defaultConfigurationName = Release;
		};
		316098111D0041CA00D50ABB /* Build configuration list for PBXNativeTarget "CallOfBeacons" */ = {
			isa = XCConfigurationList;
			buildConfigurations = (
				316098121D0041CA00D50ABB /* Debug */,
				316098131D0041CA00D50ABB /* Release */,
			);
			defaultConfigurationIsVisible = 0;
			defaultConfigurationName = Release;
		};
/* End XCConfigurationList section */
	};
	rootObject = 316097F71D0041CA00D50ABB /* Project object */;
}
